
Microsoft Visual Studio Solution File, Format Version 12.00
# Visual Studio 15
VisualStudioVersion = 15.0.28307.572
MinimumVisualStudioVersion = 10.0.40219.1
Project("{FAE04EC0-301F-11D3-BF4B-00C04F79EFBC}") = "RedBlackTree", "RedBlackTree.csproj", "{C960F7A7-58A9-4C8A-8DEE-CFD01D9D47A9}"
EndProject
Global
	GlobalSection(SolutionConfigurationPlatforms) = preSolution
		Debug|Any CPU = Debug|Any CPU
		Release|Any CPU = Release|Any CPU
	EndGlobalSection
	GlobalSection(ProjectConfigurationPlatforms) = postSolution
		{C960F7A7-58A9-4C8A-8DEE-CFD01D9D47A9}.Debug|Any CPU.ActiveCfg = Debug|Any CPU
		{C960F7A7-58A9-4C8A-8DEE-CFD01D9D47A9}.Debug|Any CPU.Build.0 = Debug|Any CPU
		{C960F7A7-58A9-4C8A-8DEE-CFD01D9D47A9}.Release|Any CPU.ActiveCfg = Release|Any CPU
		{C960F7A7-58A9-4C8A-8DEE-CFD01D9D47A9}.Release|Any CPU.Build.0 = Release|Any CPU
	EndGlobalSection
	GlobalSection(SolutionProperties) = preSolution
		HideSolutionNode = FALSE
	EndGlobalSection
	GlobalSection(ExtensibilityGlobals) = postSolution
		SolutionGuid = {61DF9AE5-684A-4FB0-8ED6-440E1E3E3421}
	EndGlobalSection
EndGlobal
